// !$*UTF8*$!
{
	archiveVersion = 1;
	classes = {
	};
	objectVersion = 50;
	objects = {

/* Begin PBXBuildFile section */
		BBCC2CDB2432735400A63F94 /* AppDelegate.swift in Sources */ = {isa = PBXBuildFile; fileRef = BBCC2CDA2432735400A63F94 /* AppDelegate.swift */; };
		BBCC2CDD2432735400A63F94 /* SceneDelegate.swift in Sources */ = {isa = PBXBuildFile; fileRef = BBCC2CDC2432735400A63F94 /* SceneDelegate.swift */; };
		BBCC2CDF2432735400A63F94 /* ViewController.swift in Sources */ = {isa = PBXBuildFile; fileRef = BBCC2CDE2432735400A63F94 /* ViewController.swift */; };
		BBCC2CE22432735400A63F94 /* Main.storyboard in Resources */ = {isa = PBXBuildFile; fileRef = BBCC2CE02432735400A63F94 /* Main.storyboard */; };
		BBCC2CE42432735500A63F94 /* Assets.xcassets in Resources */ = {isa = PBXBuildFile; fileRef = BBCC2CE32432735500A63F94 /* Assets.xcassets */; };
		BBCC2CE72432735500A63F94 /* LaunchScreen.storyboard in Resources */ = {isa = PBXBuildFile; fileRef = BBCC2CE52432735500A63F94 /* LaunchScreen.storyboard */; };
/* End PBXBuildFile section */

/* Begin PBXFileReference section */
		BBCC2CD72432735400A63F94 /* MeuGitPrj101.app */ = {isa = PBXFileReference; explicitFileType = wrapper.application; includeInIndex = 0; path = MeuGitPrj101.app; sourceTree = BUILT_PRODUCTS_DIR; };
		BBCC2CDA2432735400A63F94 /* AppDelegate.swift */ = {isa = PBXFileReference; lastKnownFileType = sourcecode.swift; path = AppDelegate.swift; sourceTree = "<group>"; };
		BBCC2CDC2432735400A63F94 /* SceneDelegate.swift */ = {isa = PBXFileReference; lastKnownFileType = sourcecode.swift; path = SceneDelegate.swift; sourceTree = "<group>"; };
		BBCC2CDE2432735400A63F94 /* ViewController.swift */ = {isa = PBXFileReference; lastKnownFileType = sourcecode.swift; path = ViewController.swift; sourceTree = "<group>"; };
		BBCC2CE12432735400A63F94 /* Base */ = {isa = PBXFileReference; lastKnownFileType = file.storyboard; name = Base; path = Base.lproj/Main.storyboard; sourceTree = "<group>"; };
		BBCC2CE32432735500A63F94 /* Assets.xcassets */ = {isa = PBXFileReference; lastKnownFileType = folder.assetcatalog; path = Assets.xcassets; sourceTree = "<group>"; };
		BBCC2CE62432735500A63F94 /* Base */ = {isa = PBXFileReference; lastKnownFileType = file.storyboard; name = Base; path = Base.lproj/LaunchScreen.storyboard; sourceTree = "<group>"; };
		BBCC2CE82432735500A63F94 /* Info.plist */ = {isa = PBXFileReference; lastKnownFileType = text.plist.xml; path = Info.plist; sourceTree = "<group>"; };
/* End PBXFileReference section */

/* Begin PBXFrameworksBuildPhase section */
		BBCC2CD42432735400A63F94 /* Frameworks */ = {
			isa = PBXFrameworksBuildPhase;
			buildActionMask = 2147483647;
			files = (
			);
			runOnlyForDeploymentPostprocessing = 0;
		};
/* End PBXFrameworksBuildPhase section */

/* Begin PBXGroup section */
		BBCC2CCE2432735400A63F94 = {
			isa = PBXGroup;
			children = (
				BBCC2CD92432735400A63F94 /* MeuGitPrj101 */,
				BBCC2CD82432735400A63F94 /* Products */,
			);
			sourceTree = "<group>";
		};
		BBCC2CD82432735400A63F94 /* Products */ = {
			isa = PBXGroup;
			children = (
				BBCC2CD72432735400A63F94 /* MeuGitPrj101.app */,
			);
			name = Products;
			sourceTree = "<group>";
		};
		BBCC2CD92432735400A63F94 /* MeuGitPrj101 */ = {
			isa = PBXGroup;
			children = (
				BBCC2CDA2432735400A63F94 /* AppDelegate.swift */,
				BBCC2CDC2432735400A63F94 /* SceneDelegate.swift */,
				BBCC2CDE2432735400A63F94 /* ViewController.swift */,
				BBCC2CE02432735400A63F94 /* Main.storyboard */,
				BBCC2CE32432735500A63F94 /* Assets.xcassets */,
				BBCC2CE52432735500A63F94 /* LaunchScreen.storyboard */,
				BBCC2CE82432735500A63F94 /* Info.plist */,
			);
			path = MeuGitPrj101;
			sourceTree = "<group>";
		};
/* End PBXGroup section */

/* Begin PBXNativeTarget section */
		BBCC2CD62432735400A63F94 /* MeuGitPrj101 */ = {
			isa = PBXNativeTarget;
			buildConfigurationList = BBCC2CEB2432735500A63F94 /* Build configuration list for PBXNativeTarget "MeuGitPrj101" */;
			buildPhases = (
				BBCC2CD32432735400A63F94 /* Sources */,
				BBCC2CD42432735400A63F94 /* Frameworks */,
				BBCC2CD52432735400A63F94 /* Resources */,
			);
			buildRules = (
			);
			dependencies = (
			);
			name = MeuGitPrj101;
			productName = MeuGitPrj101;
			productReference = BBCC2CD72432735400A63F94 /* MeuGitPrj101.app */;
			productType = "com.apple.product-type.application";
		};
/* End PBXNativeTarget section */

/* Begin PBXProject section */
		BBCC2CCF2432735400A63F94 /* Project object */ = {
			isa = PBXProject;
			attributes = {
				LastSwiftUpdateCheck = 1140;
				LastUpgradeCheck = 1140;
				ORGANIZATIONNAME = "Ricardo Venieris";
				TargetAttributes = {
					BBCC2CD62432735400A63F94 = {
						CreatedOnToolsVersion = 11.4;
					};
				};
			};
			buildConfigurationList = BBCC2CD22432735400A63F94 /* Build configuration list for PBXProject "MeuGitPrj101" */;
			compatibilityVersion = "Xcode 9.3";
			developmentRegion = en;
			hasScannedForEncodings = 0;
			knownRegions = (
				en,
				Base,
			);
			mainGroup = BBCC2CCE2432735400A63F94;
			productRefGroup = BBCC2CD82432735400A63F94 /* Products */;
			projectDirPath = "";
			projectRoot = "";
			targets = (
				BBCC2CD62432735400A63F94 /* MeuGitPrj101 */,
			);
		};
/* End PBXProject section */

/* Begin PBXResourcesBuildPhase section */
		BBCC2CD52432735400A63F94 /* Resources */ = {
			isa = PBXResourcesBuildPhase;
			buildActionMask = 2147483647;
			files = (
				BBCC2CE72432735500A63F94 /* LaunchScreen.storyboard in Resources */,
				BBCC2CE42432735500A63F94 /* Assets.xcassets in Resources */,
				BBCC2CE22432735400A63F94 /* Main.storyboard in Resources */,
			);
			runOnlyForDeploymentPostprocessing = 0;
		};
/* End PBXResourcesBuildPhase section */

/* Begin PBXSourcesBuildPhase section */
		BBCC2CD32432735400A63F94 /* Sources */ = {
			isa = PBXSourcesBuildPhase;
			buildActionMask = 2147483647;
			files = (
				BBCC2CDF2432735400A63F94 /* ViewController.swift in Sources */,
				BBCC2CDB2432735400A63F94 /* AppDelegate.swift in Sources */,
				BBCC2CDD2432735400A63F94 /* SceneDelegate.swift in Sources */,
			);
			runOnlyForDeploymentPostprocessing = 0;
		};
/* End PBXSourcesBuildPhase section */

/* Begin PBXVariantGroup section */
		BBCC2CE02432735400A63F94 /* Main.storyboard */ = {
			isa = PBXVariantGroup;
			children = (
				BBCC2CE12432735400A63F94 /* Base */,
			);
			name = Main.storyboard;
			sourceTree = "<group>";
		};
		BBCC2CE52432735500A63F94 /* LaunchScreen.storyboard */ = {
			isa = PBXVariantGroup;
			children = (
				BBCC2CE62432735500A63F94 /* Base */,
			);
			name = LaunchScreen.storyboard;
			sourceTree = "<group>";
		};
/* End PBXVariantGroup section */

/* Begin XCBuildConfiguration section */
		BBCC2CE92432735500A63F94 /* Debug */ = {
			isa = XCBuildConfiguration;
			buildSettings = {
				ALWAYS_SEARCH_USER_PATHS = NO;
				CLANG_ANALYZER_NONNULL = YES;
				CLANG_ANALYZER_NUMBER_OBJECT_CONVERSION = YES_AGGRESSIVE;
				CLANG_CXX_LANGUAGE_STANDARD = "gnu++14";
				CLANG_CXX_LIBRARY = "libc++";
				CLANG_ENABLE_MODULES = YES;
				CLANG_ENABLE_OBJC_ARC = YES;
				CLANG_ENABLE_OBJC_WEAK = YES;
				CLANG_WARN_BLOCK_CAPTURE_AUTORELEASING = YES;
				CLANG_WARN_BOOL_CONVERSION = YES;
				CLANG_WARN_COMMA = YES;
				CLANG_WARN_CONSTANT_CONVERSION = YES;
				CLANG_WARN_DEPRECATED_OBJC_IMPLEMENTATIONS = YES;
				CLANG_WARN_DIRECT_OBJC_ISA_USAGE = YES_ERROR;
				CLANG_WARN_DOCUMENTATION_COMMENTS = YES;
				CLANG_WARN_EMPTY_BODY = YES;
				CLANG_WARN_ENUM_CONVERSION = YES;
				CLANG_WARN_INFINITE_RECURSION = YES;
				CLANG_WARN_INT_CONVERSION = YES;
				CLANG_WARN_NON_LITERAL_NULL_CONVERSION = YES;
				CLANG_WARN_OBJC_IMPLICIT_RETAIN_SELF = YES;
				CLANG_WARN_OBJC_LITERAL_CONVERSION = YES;
				CLANG_WARN_OBJC_ROOT_CLASS = YES_ERROR;
				CLANG_WARN_RANGE_LOOP_ANALYSIS = YES;
				CLANG_WARN_STRICT_PROTOTYPES = YES;
				CLANG_WARN_SUSPICIOUS_MOVE = YES;
				CLANG_WARN_UNGUARDED_AVAILABILITY = YES_AGGRESSIVE;
				CLANG_WARN_UNREACHABLE_CODE = YES;
				CLANG_WARN__DUPLICATE_METHOD_MATCH = YES;
				COPY_PHASE_STRIP = NO;
				DEBUG_INFORMATION_FORMAT = dwarf;
				ENABLE_STRICT_OBJC_MSGSEND = YES;
				ENABLE_TESTABILITY = YES;
				GCC_C_LANGUAGE_STANDARD = gnu11;
				GCC_DYNAMIC_NO_PIC = NO;
				GCC_NO_COMMON_BLOCKS = YES;
				GCC_OPTIMIZATION_LEVEL = 0;
				GCC_PREPROCESSOR_DEFINITIONS = (
					"DEBUG=1",
					"$(inherited)",
				);
				GCC_WARN_64_TO_32_BIT_CONVERSION = YES;
				GCC_WARN_ABOUT_RETURN_TYPE = YES_ERROR;
				GCC_WARN_UNDECLARED_SELECTOR = YES;
				GCC_WARN_UNINITIALIZED_AUTOS = YES_AGGRESSIVE;
				GCC_WARN_UNUSED_FUNCTION = YES;
				GCC_WARN_UNUSED_VARIABLE = YES;
				IPHONEOS_DEPLOYMENT_TARGET = 13.4;
				MTL_ENABLE_DEBUG_INFO = INCLUDE_SOURCE;
				MTL_FAST_MATH = YES;
				ONLY_ACTIVE_ARCH = YES;
				SDKROOT = iphoneos;
				SWIFT_ACTIVE_COMPILATION_CONDITIONS = DEBUG;
				SWIFT_OPTIMIZATION_LEVEL = "-Onone";
			};
			name = Debug;
		};
		BBCC2CEA2432735500A63F94 /* Release */ = {
			isa = XCBuildConfiguration;
			buildSettings = {
				ALWAYS_SEARCH_USER_PATHS = NO;
				CLANG_ANALYZER_NONNULL = YES;
				CLANG_ANALYZER_NUMBER_OBJECT_CONVERSION = YES_AGGRESSIVE;
				CLANG_CXX_LANGUAGE_STANDARD = "gnu++14";
				CLANG_CXX_LIBRARY = "libc++";
				CLANG_ENABLE_MODULES = YES;
				CLANG_ENABLE_OBJC_ARC = YES;
				CLANG_ENABLE_OBJC_WEAK = YES;
				CLANG_WARN_BLOCK_CAPTURE_AUTORELEASING = YES;
				CLANG_WARN_BOOL_CONVERSION = YES;
				CLANG_WARN_COMMA = YES;
				CLANG_WARN_CONSTANT_CONVERSION = YES;
				CLANG_WARN_DEPRECATED_OBJC_IMPLEMENTATIONS = YES;
				CLANG_WARN_DIRECT_OBJC_ISA_USAGE = YES_ERROR;
				CLANG_WARN_DOCUMENTATION_COMMENTS = YES;
				CLANG_WARN_EMPTY_BODY = YES;
				CLANG_WARN_ENUM_CONVERSION = YES;
				CLANG_WARN_INFINITE_RECURSION = YES;
				CLANG_WARN_INT_CONVERSION = YES;
				CLANG_WARN_NON_LITERAL_NULL_CONVERSION = YES;
				CLANG_WARN_OBJC_IMPLICIT_RETAIN_SELF = YES;
				CLANG_WARN_OBJC_LITERAL_CONVERSION = YES;
				CLANG_WARN_OBJC_ROOT_CLASS = YES_ERROR;
				CLANG_WARN_RANGE_LOOP_ANALYSIS = YES;
				CLANG_WARN_STRICT_PROTOTYPES = YES;
				CLANG_WARN_SUSPICIOUS_MOVE = YES;
				CLANG_WARN_UNGUARDED_AVAILABILITY = YES_AGGRESSIVE;
				CLANG_WARN_UNREACHABLE_CODE = YES;
				CLANG_WARN__DUPLICATE_METHOD_MATCH = YES;
				COPY_PHASE_STRIP = NO;
				DEBUG_INFORMATION_FORMAT = "dwarf-with-dsym";
				ENABLE_NS_ASSERTIONS = NO;
				ENABLE_STRICT_OBJC_MSGSEND = YES;
				GCC_C_LANGUAGE_STANDARD = gnu11;
				GCC_NO_COMMON_BLOCKS = YES;
				GCC_WARN_64_TO_32_BIT_CONVERSION = YES;
				GCC_WARN_ABOUT_RETURN_TYPE = YES_ERROR;
				GCC_WARN_UNDECLARED_SELECTOR = YES;
				GCC_WARN_UNINITIALIZED_AUTOS = YES_AGGRESSIVE;
				GCC_WARN_UNUSED_FUNCTION = YES;
				GCC_WARN_UNUSED_VARIABLE = YES;
				IPHONEOS_DEPLOYMENT_TARGET = 13.4;
				MTL_ENABLE_DEBUG_INFO = NO;
				MTL_FAST_MATH = YES;
				SDKROOT = iphoneos;
				SWIFT_COMPILATION_MODE = wholemodule;
				SWIFT_OPTIMIZATION_LEVEL = "-O";
				VALIDATE_PRODUCT = YES;
			};
			name = Release;
		};
		BBCC2CEC2432735500A63F94 /* Debug */ = {
			isa = XCBuildConfiguration;
			buildSettings = {
				ASSETCATALOG_COMPILER_APPICON_NAME = AppIcon;
				CODE_SIGN_STYLE = Automatic;
				DEVELOPMENT_TEAM = JT55BTWL93;
				INFOPLIST_FILE = MeuGitPrj101/Info.plist;
				LD_RUNPATH_SEARCH_PATHS = (
					"$(inherited)",
					"@executable_path/Frameworks",
				);
				PRODUCT_BUNDLE_IDENTIFIER = "les.inf.puc-rio.br.MeuGitPrj101";
				PRODUCT_NAME = "$(TARGET_NAME)";
				SWIFT_VERSION = 5.0;
				TARGETED_DEVICE_FAMILY = "1,2";
			};
			name = Debug;
		};
		BBCC2CED2432735500A63F94 /* Release */ = {
			isa = XCBuildConfiguration;
			buildSettings = {
				ASSETCATALOG_COMPILER_APPICON_NAME = AppIcon;
				CODE_SIGN_STYLE = Automatic;
				DEVELOPMENT_TEAM = JT55BTWL93;
				INFOPLIST_FILE = MeuGitPrj101/Info.plist;
				LD_RUNPATH_SEARCH_PATHS = (
					"$(inherited)",
					"@executable_path/Frameworks",
				);
				PRODUCT_BUNDLE_IDENTIFIER = "les.inf.puc-rio.br.MeuGitPrj101";
				PRODUCT_NAME = "$(TARGET_NAME)";
				SWIFT_VERSION = 5.0;
				TARGETED_DEVICE_FAMILY = "1,2";
			};
			name = Release;
		};
/* End XCBuildConfiguration section */

/* Begin XCConfigurationList section */
		BBCC2CD22432735400A63F94 /* Build configuration list for PBXProject "MeuGitPrj101" */ = {
			isa = XCConfigurationList;
			buildConfigurations = (
				BBCC2CE92432735500A63F94 /* Debug */,
				BBCC2CEA2432735500A63F94 /* Release */,
			);
			defaultConfigurationIsVisible = 0;
			defaultConfigurationName = Release;
		};
		BBCC2CEB2432735500A63F94 /* Build configuration list for PBXNativeTarget "MeuGitPrj101" */ = {
			isa = XCConfigurationList;
			buildConfigurations = (
				BBCC2CEC2432735500A63F94 /* Debug */,
				BBCC2CED2432735500A63F94 /* Release */,
			);
			defaultConfigurationIsVisible = 0;
			defaultConfigurationName = Release;
		};
/* End XCConfigurationList section */
	};
	rootObject = BBCC2CCF2432735400A63F94 /* Project object */;
}
